
Microsoft Visual Studio Solution File, Format Version 12.00
# Visual Studio 15
VisualStudioVersion = 15.0.28307.645
MinimumVisualStudioVersion = 10.0.40219.1
Project("{FAE04EC0-301F-11D3-BF4B-00C04F79EFBC}") = "Calculator", "Calculator\Calculator.csproj", "{0DC89223-FB98-42D8-A3F5-42545B6979A4}"
EndProject
Project("{FAE04EC0-301F-11D3-BF4B-00C04F79EFBC}") = "ConsoleCalculator", "ConsoleCalculator\ConsoleCalculator.csproj", "{11A5083D-E544-4593-A88E-3E7981A7D1E9}"
EndProject
Project("{FAE04EC0-301F-11D3-BF4B-00C04F79EFBC}") = "DesktopCalculator", "DesktopCalculator\DesktopCalculator.csproj", "{4E3821F0-6DB6-41AF-82C9-D9FAAD58341A}"
EndProject
Global
	GlobalSection(SolutionConfigurationPlatforms) = preSolution
		Debug|Any CPU = Debug|Any CPU
		Release|Any CPU = Release|Any CPU
	EndGlobalSection
	GlobalSection(ProjectConfigurationPlatforms) = postSolution
		{0DC89223-FB98-42D8-A3F5-42545B6979A4}.Debug|Any CPU.ActiveCfg = Debug|Any CPU
		{0DC89223-FB98-42D8-A3F5-42545B6979A4}.Debug|Any CPU.Build.0 = Debug|Any CPU
		{0DC89223-FB98-42D8-A3F5-42545B6979A4}.Release|Any CPU.ActiveCfg = Release|Any CPU
		{0DC89223-FB98-42D8-A3F5-42545B6979A4}.Release|Any CPU.Build.0 = Release|Any CPU
		{11A5083D-E544-4593-A88E-3E7981A7D1E9}.Debug|Any CPU.ActiveCfg = Debug|Any CPU
		{11A5083D-E544-4593-A88E-3E7981A7D1E9}.Debug|Any CPU.Build.0 = Debug|Any CPU
		{11A5083D-E544-4593-A88E-3E7981A7D1E9}.Release|Any CPU.ActiveCfg = Release|Any CPU
		{11A5083D-E544-4593-A88E-3E7981A7D1E9}.Release|Any CPU.Build.0 = Release|Any CPU
		{4E3821F0-6DB6-41AF-82C9-D9FAAD58341A}.Debug|Any CPU.ActiveCfg = Debug|Any CPU
		{4E3821F0-6DB6-41AF-82C9-D9FAAD58341A}.Debug|Any CPU.Build.0 = Debug|Any CPU
		{4E3821F0-6DB6-41AF-82C9-D9FAAD58341A}.Release|Any CPU.ActiveCfg = Release|Any CPU
		{4E3821F0-6DB6-41AF-82C9-D9FAAD58341A}.Release|Any CPU.Build.0 = Release|Any CPU
	EndGlobalSection
	GlobalSection(SolutionProperties) = preSolution
		HideSolutionNode = FALSE
	EndGlobalSection
	GlobalSection(ExtensibilityGlobals) = postSolution
		SolutionGuid = {2B97633F-77F3-48E3-B66D-04B9991D19DD}
	EndGlobalSection
EndGlobal
